
Microsoft Visual Studio Solution File, Format Version 12.00
# Visual Studio Version 16
VisualStudioVersion = 16.0.30717.126
MinimumVisualStudioVersion = 10.0.40219.1
Project("{9A19103F-16F7-4668-BE54-9A1E7A4F7556}") = "MoneyApp", "MoneyApp\MoneyApp.csproj", "{7A4BFC66-56E8-43E6-A28A-32BAE427CE39}"
<<<<<<< HEAD
EndProject
Project("{FAE04EC0-301F-11D3-BF4B-00C04F79EFBC}") = "MoneyAppDataProvider", "MoneyAppDataProvider\MoneyAppDataProvider.csproj", "{FD887F2A-EF98-434A-A025-BFCE0739E33A}"
=======
>>>>>>> WA-1
EndProject
Global
	GlobalSection(SolutionConfigurationPlatforms) = preSolution
		Debug|Any CPU = Debug|Any CPU
		Release|Any CPU = Release|Any CPU
	EndGlobalSection
	GlobalSection(ProjectConfigurationPlatforms) = postSolution
		{7A4BFC66-56E8-43E6-A28A-32BAE427CE39}.Debug|Any CPU.ActiveCfg = Debug|Any CPU
		{7A4BFC66-56E8-43E6-A28A-32BAE427CE39}.Debug|Any CPU.Build.0 = Debug|Any CPU
		{7A4BFC66-56E8-43E6-A28A-32BAE427CE39}.Release|Any CPU.ActiveCfg = Release|Any CPU
		{7A4BFC66-56E8-43E6-A28A-32BAE427CE39}.Release|Any CPU.Build.0 = Release|Any CPU
		{FD887F2A-EF98-434A-A025-BFCE0739E33A}.Debug|Any CPU.ActiveCfg = Debug|Any CPU
		{FD887F2A-EF98-434A-A025-BFCE0739E33A}.Debug|Any CPU.Build.0 = Debug|Any CPU
		{FD887F2A-EF98-434A-A025-BFCE0739E33A}.Release|Any CPU.ActiveCfg = Release|Any CPU
		{FD887F2A-EF98-434A-A025-BFCE0739E33A}.Release|Any CPU.Build.0 = Release|Any CPU
	EndGlobalSection
	GlobalSection(SolutionProperties) = preSolution
		HideSolutionNode = FALSE
	EndGlobalSection
	GlobalSection(ExtensibilityGlobals) = postSolution
		SolutionGuid = {F285DC9C-7446-44DF-8F49-651038AEB92F}
	EndGlobalSection
EndGlobal
