
Microsoft Visual Studio Solution File, Format Version 12.00
# Visual Studio Version 16
VisualStudioVersion = 16.0.30717.126
MinimumVisualStudioVersion = 10.0.40219.1
Project("{9A19103F-16F7-4668-BE54-9A1E7A4F7556}") = "MoneyApp", "MoneyApp\MoneyApp.csproj", "{7A4BFC66-56E8-43E6-A28A-32BAE427CE39}"
EndProject
Project("{9A19103F-16F7-4668-BE54-9A1E7A4F7556}") = "MoneyAppAPITests", "MoneyAppTests\MoneyAppAPITests.csproj", "{72DBE0B8-80E8-4C86-A2ED-7FB03C24A7FD}"
EndProject
Global
	GlobalSection(SolutionConfigurationPlatforms) = preSolution
		Debug|Any CPU = Debug|Any CPU
		Release|Any CPU = Release|Any CPU
	EndGlobalSection
	GlobalSection(ProjectConfigurationPlatforms) = postSolution
		{7A4BFC66-56E8-43E6-A28A-32BAE427CE39}.Debug|Any CPU.ActiveCfg = Debug|Any CPU
		{7A4BFC66-56E8-43E6-A28A-32BAE427CE39}.Debug|Any CPU.Build.0 = Debug|Any CPU
		{7A4BFC66-56E8-43E6-A28A-32BAE427CE39}.Release|Any CPU.ActiveCfg = Release|Any CPU
		{7A4BFC66-56E8-43E6-A28A-32BAE427CE39}.Release|Any CPU.Build.0 = Release|Any CPU
		{72DBE0B8-80E8-4C86-A2ED-7FB03C24A7FD}.Debug|Any CPU.ActiveCfg = Debug|Any CPU
		{72DBE0B8-80E8-4C86-A2ED-7FB03C24A7FD}.Debug|Any CPU.Build.0 = Debug|Any CPU
		{72DBE0B8-80E8-4C86-A2ED-7FB03C24A7FD}.Release|Any CPU.ActiveCfg = Release|Any CPU
		{72DBE0B8-80E8-4C86-A2ED-7FB03C24A7FD}.Release|Any CPU.Build.0 = Release|Any CPU
	EndGlobalSection
	GlobalSection(SolutionProperties) = preSolution
		HideSolutionNode = FALSE
	EndGlobalSection
	GlobalSection(ExtensibilityGlobals) = postSolution
		SolutionGuid = {F285DC9C-7446-44DF-8F49-651038AEB92F}
	EndGlobalSection
EndGlobal
